
Microsoft Visual Studio Solution File, Format Version 12.00
# Visual Studio 15
VisualStudioVersion = 15.0.26124.0
MinimumVisualStudioVersion = 15.0.26124.0
Project("{2150E333-8FDC-42A3-9474-1A3956D46DE8}") = "src", "src", "{2AA36852-45BA-4974-81F4-D69A222FA76F}"
EndProject
Project("{FAE04EC0-301F-11D3-BF4B-00C04F79EFBC}") = "Shodan.Net", "src\Shodan.Net\Shodan.Net.csproj", "{02F06523-69A9-42F3-BAA9-37BA60D28B23}"
EndProject
Project("{FAE04EC0-301F-11D3-BF4B-00C04F79EFBC}") = "Shodan.Net.UnitTests", "src\Shodan.Net.UnitTests\Shodan.Net.UnitTests.csproj", "{E54E43E6-A042-45E3-BAD7-0B119190C848}"
EndProject
Global
	GlobalSection(SolutionConfigurationPlatforms) = preSolution
		Debug|Any CPU = Debug|Any CPU
		Debug|x64 = Debug|x64
		Debug|x86 = Debug|x86
		Release|Any CPU = Release|Any CPU
		Release|x64 = Release|x64
		Release|x86 = Release|x86
	EndGlobalSection
	GlobalSection(SolutionProperties) = preSolution
		HideSolutionNode = FALSE
	EndGlobalSection
	GlobalSection(ProjectConfigurationPlatforms) = postSolution
		{02F06523-69A9-42F3-BAA9-37BA60D28B23}.Debug|Any CPU.ActiveCfg = Debug|Any CPU
		{02F06523-69A9-42F3-BAA9-37BA60D28B23}.Debug|Any CPU.Build.0 = Debug|Any CPU
		{02F06523-69A9-42F3-BAA9-37BA60D28B23}.Debug|x64.ActiveCfg = Debug|x64
		{02F06523-69A9-42F3-BAA9-37BA60D28B23}.Debug|x64.Build.0 = Debug|x64
		{02F06523-69A9-42F3-BAA9-37BA60D28B23}.Debug|x86.ActiveCfg = Debug|x86
		{02F06523-69A9-42F3-BAA9-37BA60D28B23}.Debug|x86.Build.0 = Debug|x86
		{02F06523-69A9-42F3-BAA9-37BA60D28B23}.Release|Any CPU.ActiveCfg = Release|Any CPU
		{02F06523-69A9-42F3-BAA9-37BA60D28B23}.Release|Any CPU.Build.0 = Release|Any CPU
		{02F06523-69A9-42F3-BAA9-37BA60D28B23}.Release|x64.ActiveCfg = Release|x64
		{02F06523-69A9-42F3-BAA9-37BA60D28B23}.Release|x64.Build.0 = Release|x64
		{02F06523-69A9-42F3-BAA9-37BA60D28B23}.Release|x86.ActiveCfg = Release|x86
		{02F06523-69A9-42F3-BAA9-37BA60D28B23}.Release|x86.Build.0 = Release|x86
		{E54E43E6-A042-45E3-BAD7-0B119190C848}.Debug|Any CPU.ActiveCfg = Debug|Any CPU
		{E54E43E6-A042-45E3-BAD7-0B119190C848}.Debug|Any CPU.Build.0 = Debug|Any CPU
		{E54E43E6-A042-45E3-BAD7-0B119190C848}.Debug|x64.ActiveCfg = Debug|x64
		{E54E43E6-A042-45E3-BAD7-0B119190C848}.Debug|x64.Build.0 = Debug|x64
		{E54E43E6-A042-45E3-BAD7-0B119190C848}.Debug|x86.ActiveCfg = Debug|x86
		{E54E43E6-A042-45E3-BAD7-0B119190C848}.Debug|x86.Build.0 = Debug|x86
		{E54E43E6-A042-45E3-BAD7-0B119190C848}.Release|Any CPU.ActiveCfg = Release|Any CPU
		{E54E43E6-A042-45E3-BAD7-0B119190C848}.Release|Any CPU.Build.0 = Release|Any CPU
		{E54E43E6-A042-45E3-BAD7-0B119190C848}.Release|x64.ActiveCfg = Release|x64
		{E54E43E6-A042-45E3-BAD7-0B119190C848}.Release|x64.Build.0 = Release|x64
		{E54E43E6-A042-45E3-BAD7-0B119190C848}.Release|x86.ActiveCfg = Release|x86
		{E54E43E6-A042-45E3-BAD7-0B119190C848}.Release|x86.Build.0 = Release|x86
	EndGlobalSection
	GlobalSection(NestedProjects) = preSolution
		{02F06523-69A9-42F3-BAA9-37BA60D28B23} = {2AA36852-45BA-4974-81F4-D69A222FA76F}
		{E54E43E6-A042-45E3-BAD7-0B119190C848} = {2AA36852-45BA-4974-81F4-D69A222FA76F}
	EndGlobalSection
EndGlobal
